comfyui-frontend-package==1.45.21
comfyui-workflow-templates==0.11.11
comfyui-embedded-docs==0.5.8
torchsde==0.2.6
numpy==2.1.2
einops==0.8.2
transformers==5.14.1
tokenizers==0.22.2
sentencepiece==0.2.2
safetensors==0.8.0
aiohttp==3.12.15
yarl==1.24.5
pyyaml==6.0.3
Pillow==11.0.0
scipy==1.18.0
tqdm==4.70.0
psutil==7.1.0
alembic==1.18.5
SQLAlchemy==2.0.51
filelock==3.20.0
av==18.0.0
comfy-kitchen==0.2.22
comfy-aimdo==0.4.10
requests==2.32.5
simpleeval==1.0.7
blake3==1.0.9
kornia==0.8.3
spandrel==0.4.2
pydantic==2.13.4
pydantic-settings==2.14.2
PyOpenGL==3.1.10
comfy-angle==0.1.0
aiohappyeyeballs==2.7.1
aiosignal==1.4.0
annotated-doc==0.0.4
annotated-types==0.8.0
click==8.4.2
comfyui-workflow-templates-core==0.3.274
comfyui-workflow-templates-json==0.1.8
comfyui-workflow-templates-media-api==0.3.84
comfyui-workflow-templates-media-assets-01==0.1.5
comfyui-workflow-templates-media-image==0.3.160
comfyui-workflow-templates-media-other==0.3.229
comfyui-workflow-templates-media-video==0.3.101
frozenlist==1.8.0
greenlet==3.5.4
kornia-rs==0.1.14
Mako==1.3.12
markdown-it-py==4.2.0
mdurl==0.1.2
multidict==6.7.1
propcache==0.5.2
pydantic-core==2.46.4
python-dotenv==1.2.2
regex==2026.7.19
rich==15.0.0
shellingham==1.5.4
trampoline==0.1.2
typer==0.27.0
typing-inspection==0.4.2
